
Microsoft Visual Studio Solution File, Format Version 12.00
# Visual Studio Version 16
VisualStudioVersion = 16.0.30503.244
MinimumVisualStudioVersion = 10.0.40219.1
Project("{8BC9CEB8-8B4A-11D0-8D11-00A0C91BC942}") = "인형뽑기", "인형뽑기.vcxproj", "{1436F537-F620-4216-86CB-481F01EA4A51}"
EndProject
Project("{54435603-DBB4-11D2-8724-00A0C9A8B90C}") = "인형뽑기 게임", "..\인형뽑기 게임\인형뽑기 게임.vdproj", "{ED7BFBBB-FEED-4573-BB33-25F6CC23294F}"
EndProject
Global
	GlobalSection(SolutionConfigurationPlatforms) = preSolution
		Debug|x64 = Debug|x64
		Debug|x86 = Debug|x86
		Release|x64 = Release|x64
		Release|x86 = Release|x86
	EndGlobalSection
	GlobalSection(ProjectConfigurationPlatforms) = postSolution
		{1436F537-F620-4216-86CB-481F01EA4A51}.Debug|x64.ActiveCfg = Debug|x64
		{1436F537-F620-4216-86CB-481F01EA4A51}.Debug|x64.Build.0 = Debug|x64
		{1436F537-F620-4216-86CB-481F01EA4A51}.Debug|x86.ActiveCfg = Debug|Win32
		{1436F537-F620-4216-86CB-481F01EA4A51}.Debug|x86.Build.0 = Debug|Win32
		{1436F537-F620-4216-86CB-481F01EA4A51}.Release|x64.ActiveCfg = Release|x64
		{1436F537-F620-4216-86CB-481F01EA4A51}.Release|x64.Build.0 = Release|x64
		{1436F537-F620-4216-86CB-481F01EA4A51}.Release|x86.ActiveCfg = Release|Win32
		{1436F537-F620-4216-86CB-481F01EA4A51}.Release|x86.Build.0 = Release|Win32
		{ED7BFBBB-FEED-4573-BB33-25F6CC23294F}.Debug|x64.ActiveCfg = Debug
		{ED7BFBBB-FEED-4573-BB33-25F6CC23294F}.Debug|x86.ActiveCfg = Debug
		{ED7BFBBB-FEED-4573-BB33-25F6CC23294F}.Release|x64.ActiveCfg = Release
		{ED7BFBBB-FEED-4573-BB33-25F6CC23294F}.Release|x86.ActiveCfg = Release
	EndGlobalSection
	GlobalSection(SolutionProperties) = preSolution
		HideSolutionNode = FALSE
	EndGlobalSection
	GlobalSection(ExtensibilityGlobals) = postSolution
		SolutionGuid = {BF8B6548-4CFF-451A-BD50-8A4E71A00F60}
	EndGlobalSection
EndGlobal
